
Microsoft Visual Studio Solution File, Format Version 12.00
# Visual Studio Version 16
VisualStudioVersion = 16.0.31515.178
MinimumVisualStudioVersion = 10.0.40219.1
Project("{FAE04EC0-301F-11D3-BF4B-00C04F79EFBC}") = "APITests", "APITests\APITests.csproj", "{AA70E348-1915-43D4-BA92-E13A7E5E9438}"
EndProject
Project("{FAE04EC0-301F-11D3-BF4B-00C04F79EFBC}") = "APIDemo", "APIDemo\APIDemo.csproj", "{2B041F25-CDCE-4FBB-876F-EC6946625641}"
EndProject
Global
	GlobalSection(SolutionConfigurationPlatforms) = preSolution
		Debug|Any CPU = Debug|Any CPU
		Release|Any CPU = Release|Any CPU
	EndGlobalSection
	GlobalSection(ProjectConfigurationPlatforms) = postSolution
		{AA70E348-1915-43D4-BA92-E13A7E5E9438}.Debug|Any CPU.ActiveCfg = Debug|Any CPU
		{AA70E348-1915-43D4-BA92-E13A7E5E9438}.Debug|Any CPU.Build.0 = Debug|Any CPU
		{AA70E348-1915-43D4-BA92-E13A7E5E9438}.Release|Any CPU.ActiveCfg = Release|Any CPU
		{AA70E348-1915-43D4-BA92-E13A7E5E9438}.Release|Any CPU.Build.0 = Release|Any CPU
		{2B041F25-CDCE-4FBB-876F-EC6946625641}.Debug|Any CPU.ActiveCfg = Debug|Any CPU
		{2B041F25-CDCE-4FBB-876F-EC6946625641}.Debug|Any CPU.Build.0 = Debug|Any CPU
		{2B041F25-CDCE-4FBB-876F-EC6946625641}.Release|Any CPU.ActiveCfg = Release|Any CPU
		{2B041F25-CDCE-4FBB-876F-EC6946625641}.Release|Any CPU.Build.0 = Release|Any CPU
	EndGlobalSection
	GlobalSection(SolutionProperties) = preSolution
		HideSolutionNode = FALSE
	EndGlobalSection
	GlobalSection(ExtensibilityGlobals) = postSolution
		SolutionGuid = {1760AA93-AC4C-4519-B74B-3A35314B214C}
	EndGlobalSection
EndGlobal
